{
  "name": "@bnk4970/ui",
  "version": "1.0.0",
  "lockfileVersion": 3,
  "requires": true,
  "packages": {
    "": {
      "name": "@bnk4970/ui",
      "version": "1.0.0",
      "license": "ISC",
      "dependencies": {
        "@emotion/css": "^11.13.5",
        "@heroicons/react": "^2.2.0",
        "react-scripts": "^5.0.1",
        "sass": "^1.89.2",
        "sass-loader": "16.0.5"
      },
      "devDependencies": {
        "@types/react": "19.0.0",
        "esbuild": "^0.25.8",
        "sass-embedded": "^1.89.2"
      },
      "peerDependencies": {
        "react": "19.0.0",
        "react-dom": "19.0.0"
      }
    },
    "../../node_modules/.pnpm/@emotion+css@11.13.5/node_modules/@emotion/css": {
      "version": "11.13.5",
      "license": "MIT",
      "dependencies": {
        "@emotion/babel-plugin": "^11.13.5",
        "@emotion/cache": "^11.13.5",
        "@emotion/serialize": "^1.3.3",
        "@emotion/sheet": "^1.4.0",
        "@emotion/utils": "^1.4.2"
      },
      "devDependencies": {
        "@definitelytyped/dtslint": "0.0.112",
        "typescript": "^5.4.5"
      }
    },
    "../../node_modules/.pnpm/@types+react@19.0.0/node_modules/@types/react": {
      "version": "19.0.0",
      "dev": true,
      "license": "MIT",
      "dependencies": {
        "csstype": "^3.0.2"
      }
    },
    "../../node_modules/.pnpm/esbuild@0.25.8/node_modules/esbuild": {
      "version": "0.25.8",
      "dev": true,
      "hasInstallScript": true,
      "license": "MIT",
      "bin": {
        "esbuild": "bin/esbuild"
      },
      "engines": {
        "node": ">=18"
      },
      "optionalDependencies": {
        "@esbuild/aix-ppc64": "0.25.8",
        "@esbuild/android-arm": "0.25.8",
        "@esbuild/android-arm64": "0.25.8",
        "@esbuild/android-x64": "0.25.8",
        "@esbuild/darwin-arm64": "0.25.8",
        "@esbuild/darwin-x64": "0.25.8",
        "@esbuild/freebsd-arm64": "0.25.8",
        "@esbuild/freebsd-x64": "0.25.8",
        "@esbuild/linux-arm": "0.25.8",
        "@esbuild/linux-arm64": "0.25.8",
        "@esbuild/linux-ia32": "0.25.8",
        "@esbuild/linux-loong64": "0.25.8",
        "@esbuild/linux-mips64el": "0.25.8",
        "@esbuild/linux-ppc64": "0.25.8",
        "@esbuild/linux-riscv64": "0.25.8",
        "@esbuild/linux-s390x": "0.25.8",
        "@esbuild/linux-x64": "0.25.8",
        "@esbuild/netbsd-arm64": "0.25.8",
        "@esbuild/netbsd-x64": "0.25.8",
        "@esbuild/openbsd-arm64": "0.25.8",
        "@esbuild/openbsd-x64": "0.25.8",
        "@esbuild/openharmony-arm64": "0.25.8",
        "@esbuild/sunos-x64": "0.25.8",
        "@esbuild/win32-arm64": "0.25.8",
        "@esbuild/win32-ia32": "0.25.8",
        "@esbuild/win32-x64": "0.25.8"
      }
    },
    "../../node_modules/.pnpm/react-dom@19.0.0_react@19.0.0/node_modules/react-dom": {
      "version": "19.0.0",
      "license": "MIT",
      "peer": true,
      "dependencies": {
        "scheduler": "^0.25.0"
      },
      "peerDependencies": {
        "react": "^19.0.0"
      }
    },
    "../../node_modules/.pnpm/react-scripts@5.0.1_@babel+plugin-syntax-flow@7.27.1_@babel+core@7.28.0__@babel+plugin-_4be5ca668d94252f25e31377ea5429a8/node_modules/react-scripts": {
      "version": "5.0.1",
      "license": "MIT",
      "dependencies": {
        "@babel/core": "^7.16.0",
        "@pmmmwh/react-refresh-webpack-plugin": "^0.5.3",
        "@svgr/webpack": "^5.5.0",
        "babel-jest": "^27.4.2",
        "babel-loader": "^8.2.3",
        "babel-plugin-named-asset-import": "^0.3.8",
        "babel-preset-react-app": "^10.0.1",
        "bfj": "^7.0.2",
        "browserslist": "^4.18.1",
        "camelcase": "^6.2.1",
        "case-sensitive-paths-webpack-plugin": "^2.4.0",
        "css-loader": "^6.5.1",
        "css-minimizer-webpack-plugin": "^3.2.0",
        "dotenv": "^10.0.0",
        "dotenv-expand": "^5.1.0",
        "eslint": "^8.3.0",
        "eslint-config-react-app": "^7.0.1",
        "eslint-webpack-plugin": "^3.1.1",
        "file-loader": "^6.2.0",
        "fs-extra": "^10.0.0",
        "html-webpack-plugin": "^5.5.0",
        "identity-obj-proxy": "^3.0.0",
        "jest": "^27.4.3",
        "jest-resolve": "^27.4.2",
        "jest-watch-typeahead": "^1.0.0",
        "mini-css-extract-plugin": "^2.4.5",
        "postcss": "^8.4.4",
        "postcss-flexbugs-fixes": "^5.0.2",
        "postcss-loader": "^6.2.1",
        "postcss-normalize": "^10.0.1",
        "postcss-preset-env": "^7.0.1",
        "prompts": "^2.4.2",
        "react-app-polyfill": "^3.0.0",
        "react-dev-utils": "^12.0.1",
        "react-refresh": "^0.11.0",
        "resolve": "^1.20.0",
        "resolve-url-loader": "^4.0.0",
        "sass-loader": "^12.3.0",
        "semver": "^7.3.5",
        "source-map-loader": "^3.0.0",
        "style-loader": "^3.3.1",
        "tailwindcss": "^3.0.2",
        "terser-webpack-plugin": "^5.2.5",
        "webpack": "^5.64.4",
        "webpack-dev-server": "^4.6.0",
        "webpack-manifest-plugin": "^4.0.2",
        "workbox-webpack-plugin": "^6.4.1"
      },
      "bin": {
        "react-scripts": "bin/react-scripts.js"
      },
      "devDependencies": {
        "react": "^18.0.0",
        "react-dom": "^18.0.0"
      },
      "engines": {
        "node": ">=14.0.0"
      },
      "optionalDependencies": {
        "fsevents": "^2.3.2"
      },
      "peerDependencies": {
        "react": ">= 16",
        "typescript": "^3.2.1 || ^4"
      },
      "peerDependenciesMeta": {
        "typescript": {
          "optional": true
        }
      }
    },
    "../../node_modules/.pnpm/react@19.0.0/node_modules/react": {
      "version": "19.0.0",
      "license": "MIT",
      "peer": true,
      "engines": {
        "node": ">=0.10.0"
      }
    },
    "../../node_modules/.pnpm/sass-embedded@1.89.2/node_modules/sass-embedded": {
      "version": "1.89.2",
      "dev": true,
      "license": "MIT",
      "dependencies": {
        "@bufbuild/protobuf": "^2.5.0",
        "buffer-builder": "^0.2.0",
        "colorjs.io": "^0.5.0",
        "immutable": "^5.0.2",
        "rxjs": "^7.4.0",
        "supports-color": "^8.1.1",
        "sync-child-process": "^1.0.2",
        "varint": "^6.0.0"
      },
      "bin": {
        "sass": "dist/bin/sass.js"
      },
      "devDependencies": {
        "@bufbuild/buf": "^1.54.0",
        "@bufbuild/protoc-gen-es": "^2.5.0",
        "@types/buffer-builder": "^0.2.0",
        "@types/google-protobuf": "^3.7.2",
        "@types/jest": "^29.4.0",
        "@types/node": "^22.0.0",
        "@types/shelljs": "^0.8.8",
        "@types/supports-color": "^8.1.1",
        "@types/tar": "^6.1.0",
        "@types/varint": "^6.0.1",
        "@types/yargs": "^17.0.4",
        "extract-zip": "^2.0.1",
        "gts": "^6.0.2",
        "jest": "^29.4.1",
        "npm-run-all": "^4.1.5",
        "shelljs": "^0.10.0",
        "simple-git": "^3.15.1",
        "source-map-js": "^1.0.2",
        "tar": "^7.4.3",
        "ts-jest": "^29.0.5",
        "ts-node": "^10.2.1",
        "typescript": "^5.0.2",
        "yaml": "^2.2.1",
        "yargs": "^17.2.1"
      },
      "engines": {
        "node": ">=16.0.0"
      },
      "optionalDependencies": {
        "sass-embedded-android-arm": "1.89.2",
        "sass-embedded-android-arm64": "1.89.2",
        "sass-embedded-android-riscv64": "1.89.2",
        "sass-embedded-android-x64": "1.89.2",
        "sass-embedded-darwin-arm64": "1.89.2",
        "sass-embedded-darwin-x64": "1.89.2",
        "sass-embedded-linux-arm": "1.89.2",
        "sass-embedded-linux-arm64": "1.89.2",
        "sass-embedded-linux-musl-arm": "1.89.2",
        "sass-embedded-linux-musl-arm64": "1.89.2",
        "sass-embedded-linux-musl-riscv64": "1.89.2",
        "sass-embedded-linux-musl-x64": "1.89.2",
        "sass-embedded-linux-riscv64": "1.89.2",
        "sass-embedded-linux-x64": "1.89.2",
        "sass-embedded-win32-arm64": "1.89.2",
        "sass-embedded-win32-x64": "1.89.2"
      }
    },
    "../../node_modules/.pnpm/sass-loader@16.0.5_sass-embedded@1.89.2_sass@1.89.2_webpack@5.101.1_esbuild@0.25.8_/node_modules/sass-loader": {
      "version": "16.0.5",
      "license": "MIT",
      "dependencies": {
        "neo-async": "^2.6.2"
      },
      "devDependencies": {
        "@babel/cli": "^7.23.4",
        "@babel/core": "^7.24.0",
        "@babel/preset-env": "^7.24.0",
        "@commitlint/cli": "^19.3.0",
        "@commitlint/config-conventional": "^19.2.2",
        "@webpack-contrib/eslint-config-webpack": "^3.0.0",
        "babel-jest": "^29.6.2",
        "bootstrap-sass": "^3.4.1",
        "bootstrap-v4": "npm:bootstrap@^4.5.3",
        "bootstrap-v5": "npm:bootstrap@^5.0.1",
        "cross-env": "^7.0.3",
        "cspell": "^8.6.0",
        "css-loader": "^6.9.0",
        "del": "^6.1.1",
        "del-cli": "^5.1.0",
        "enhanced-resolve": "^5.15.1",
        "eslint": "^8.57.0",
        "eslint-config-prettier": "^9.1.0",
        "eslint-plugin-import": "^2.28.0",
        "file-loader": "^6.2.0",
        "foundation-sites": "^6.7.5",
        "husky": "^9.1.3",
        "jest": "^29.6.2",
        "jest-environment-node-single-context": "^29.1.0",
        "lint-staged": "^15.2.0",
        "material-components-web": "^9.0.0",
        "memfs": "^4.7.7",
        "node-sass": "^9.0.0",
        "node-sass-glob-importer": "^5.3.2",
        "npm-run-all": "^4.1.5",
        "prettier": "^3.2.2",
        "sass": "^1.71.1",
        "sass-embedded": "^1.71.1",
        "semver": "^7.5.4",
        "standard-version": "^9.3.1",
        "style-loader": "^3.3.4",
        "webpack": "^5.93.0",
        "webpack-cli": "^5.1.4",
        "webpack-dev-server": "^5.0.4"
      },
      "engines": {
        "node": ">= 18.12.0"
      },
      "funding": {
        "type": "opencollective",
        "url": "https://opencollective.com/webpack"
      },
      "peerDependencies": {
        "@rspack/core": "0.x || 1.x",
        "node-sass": "^4.0.0 || ^5.0.0 || ^6.0.0 || ^7.0.0 || ^8.0.0 || ^9.0.0",
        "sass": "^1.3.0",
        "sass-embedded": "*",
        "webpack": "^5.0.0"
      },
      "peerDependenciesMeta": {
        "@rspack/core": {
          "optional": true
        },
        "node-sass": {
          "optional": true
        },
        "sass": {
          "optional": true
        },
        "sass-embedded": {
          "optional": true
        },
        "webpack": {
          "optional": true
        }
      }
    },
    "../../node_modules/.pnpm/sass@1.89.2/node_modules/sass": {
      "version": "1.89.2",
      "license": "MIT",
      "dependencies": {
        "chokidar": "^4.0.0",
        "immutable": "^5.0.2",
        "source-map-js": ">=0.6.2 <2.0.0"
      },
      "bin": {
        "sass": "sass.js"
      },
      "engines": {
        "node": ">=14.0.0"
      },
      "optionalDependencies": {
        "@parcel/watcher": "^2.4.1"
      }
    },
    "node_modules/@emotion/css": {
      "resolved": "../../node_modules/.pnpm/@emotion+css@11.13.5/node_modules/@emotion/css",
      "link": true
    },
    "node_modules/@heroicons/react": {
      "version": "2.2.0",
      "resolved": "https://registry.npmjs.org/@heroicons/react/-/react-2.2.0.tgz",
      "integrity": "sha512-LMcepvRaS9LYHJGsF0zzmgKCUim/X3N/DQKc4jepAXJ7l8QxJ1PmxJzqplF2Z3FE4PqBAIGyJAQ/w4B5dsqbtQ==",
      "license": "MIT",
      "peerDependencies": {
        "react": ">= 16 || ^19.0.0-rc"
      }
    },
    "node_modules/@types/react": {
      "resolved": "../../node_modules/.pnpm/@types+react@19.0.0/node_modules/@types/react",
      "link": true
    },
    "node_modules/esbuild": {
      "resolved": "../../node_modules/.pnpm/esbuild@0.25.8/node_modules/esbuild",
      "link": true
    },
    "node_modules/react": {
      "resolved": "../../node_modules/.pnpm/react@19.0.0/node_modules/react",
      "link": true
    },
    "node_modules/react-dom": {
      "resolved": "../../node_modules/.pnpm/react-dom@19.0.0_react@19.0.0/node_modules/react-dom",
      "link": true
    },
    "node_modules/react-scripts": {
      "resolved": "../../node_modules/.pnpm/react-scripts@5.0.1_@babel+plugin-syntax-flow@7.27.1_@babel+core@7.28.0__@babel+plugin-_4be5ca668d94252f25e31377ea5429a8/node_modules/react-scripts",
      "link": true
    },
    "node_modules/sass": {
      "resolved": "../../node_modules/.pnpm/sass@1.89.2/node_modules/sass",
      "link": true
    },
    "node_modules/sass-embedded": {
      "resolved": "../../node_modules/.pnpm/sass-embedded@1.89.2/node_modules/sass-embedded",
      "link": true
    },
    "node_modules/sass-loader": {
      "resolved": "../../node_modules/.pnpm/sass-loader@16.0.5_sass-embedded@1.89.2_sass@1.89.2_webpack@5.101.1_esbuild@0.25.8_/node_modules/sass-loader",
      "link": true
    }
  }
}
